
Microsoft Visual Studio Solution File, Format Version 12.00
# Visual Studio Version 16
VisualStudioVersion = 16.0.31205.134
MinimumVisualStudioVersion = 10.0.40219.1
Project("{FAE04EC0-301F-11D3-BF4B-00C04F79EFBC}") = "Kontrahenci", "Kontrahenci.csproj", "{D6F05054-E5B6-4760-B144-B0DE3AE045CB}"
EndProject
Global
	GlobalSection(SolutionConfigurationPlatforms) = preSolution
		Debug|Any CPU = Debug|Any CPU
		Release|Any CPU = Release|Any CPU
	EndGlobalSection
	GlobalSection(ProjectConfigurationPlatforms) = postSolution
		{D6F05054-E5B6-4760-B144-B0DE3AE045CB}.Debug|Any CPU.ActiveCfg = Debug|Any CPU
		{D6F05054-E5B6-4760-B144-B0DE3AE045CB}.Debug|Any CPU.Build.0 = Debug|Any CPU
		{D6F05054-E5B6-4760-B144-B0DE3AE045CB}.Release|Any CPU.ActiveCfg = Release|Any CPU
		{D6F05054-E5B6-4760-B144-B0DE3AE045CB}.Release|Any CPU.Build.0 = Release|Any CPU
	EndGlobalSection
	GlobalSection(SolutionProperties) = preSolution
		HideSolutionNode = FALSE
	EndGlobalSection
	GlobalSection(ExtensibilityGlobals) = postSolution
		SolutionGuid = {30D24659-4EDC-4BF9-BDD5-BAAA74E460AD}
	EndGlobalSection
EndGlobal
